// !$*UTF8*$!
{
	archiveVersion = 1;
	classes = {
	};
	objectVersion = 46;
	objects = {

/* Begin PBXBuildFile section */
		360549AC2028D56E0090317C /* EditRestaurantViewController.swift in Sources */ = {isa = PBXBuildFile; fileRef = 360549AB2028D56E0090317C /* EditRestaurantViewController.swift */; };
		496B609A203363A9005AD625 /* ReviewTableViewCell.swift in Sources */ = {isa = PBXBuildFile; fileRef = 496B6099203363A9005AD625 /* ReviewTableViewCell.swift */; };
		499D8970203CD176009C067E /* Utils.swift in Sources */ = {isa = PBXBuildFile; fileRef = 499D896F203CD176009C067E /* Utils.swift */; };
		49C24867202A237000D6008A /* HackPageViewController.swift in Sources */ = {isa = PBXBuildFile; fileRef = 49C24866202A237000D6008A /* HackPageViewController.swift */; };
		49DEA0D7205B19AC00F2A452 /* BasicRestaurantsTableViewController.swift in Sources */ = {isa = PBXBuildFile; fileRef = 49DEA0D6205B19AC00F2A452 /* BasicRestaurantsTableViewController.swift */; };
		49DEA0D9205B19D900F2A452 /* RestaurantTableViewCell.swift in Sources */ = {isa = PBXBuildFile; fileRef = 49DEA0D8205B19D900F2A452 /* RestaurantTableViewCell.swift */; };
		8D004D2D1EE879B5004DEF35 /* FiltersViewController.swift in Sources */ = {isa = PBXBuildFile; fileRef = 8D004D2C1EE879B5004DEF35 /* FiltersViewController.swift */; };
		8D2A2A0B202BC3B600343C13 /* ReviewTableViewDataSource.swift in Sources */ = {isa = PBXBuildFile; fileRef = 8D2A2A0A202BC3B600343C13 /* ReviewTableViewDataSource.swift */; };
		8D5DF7021F7EF3BA00B0D24F /* NewReviewViewController.swift in Sources */ = {isa = PBXBuildFile; fileRef = 8D5DF7011F7EF3BA00B0D24F /* NewReviewViewController.swift */; };
		8D6014FC202B8B23003E8091 /* ProfileViewController.swift in Sources */ = {isa = PBXBuildFile; fileRef = 8D6014FB202B8B23003E8091 /* ProfileViewController.swift */; };
		8D70C1BA201FECE2007D3082 /* Firestore+Populate.swift in Sources */ = {isa = PBXBuildFile; fileRef = 8D70C1B9201FECE2007D3082 /* Firestore+Populate.swift */; };
		8D82F5C1201FCE2500107172 /* Review.swift in Sources */ = {isa = PBXBuildFile; fileRef = 8D82F5C0201FCE2500107172 /* Review.swift */; };
		8D82F5C3201FCF5E00107172 /* User.swift in Sources */ = {isa = PBXBuildFile; fileRef = 8D82F5C2201FCF5E00107172 /* User.swift */; };
		8D82F5C5201FE6CE00107172 /* Yum.swift in Sources */ = {isa = PBXBuildFile; fileRef = 8D82F5C4201FE6CE00107172 /* Yum.swift */; };
		8D9BBC311EE2200900194E9A /* AppDelegate.swift in Sources */ = {isa = PBXBuildFile; fileRef = 8D9BBC301EE2200900194E9A /* AppDelegate.swift */; };
		8D9BBC331EE2200900194E9A /* RestaurantsTableViewController.swift in Sources */ = {isa = PBXBuildFile; fileRef = 8D9BBC321EE2200900194E9A /* RestaurantsTableViewController.swift */; };
		8D9BBC361EE2200900194E9A /* Main.storyboard in Resources */ = {isa = PBXBuildFile; fileRef = 8D9BBC341EE2200900194E9A /* Main.storyboard */; };
		8D9BBC381EE2200900194E9A /* Assets.xcassets in Resources */ = {isa = PBXBuildFile; fileRef = 8D9BBC371EE2200900194E9A /* Assets.xcassets */; };
		8D9BBC3B1EE2200900194E9A /* LaunchScreen.storyboard in Resources */ = {isa = PBXBuildFile; fileRef = 8D9BBC391EE2200900194E9A /* LaunchScreen.storyboard */; };
		8D9BBC461EE2200900194E9A /* FriendlyEatsTests.swift in Sources */ = {isa = PBXBuildFile; fileRef = 8D9BBC451EE2200900194E9A /* FriendlyEatsTests.swift */; };
		8DD9ACDA1F7B166900C2DD24 /* pizza-monster.png in Resources */ = {isa = PBXBuildFile; fileRef = 8DD9ACD91F7B166900C2DD24 /* pizza-monster.png */; };
		8DDCD36220325B8F00CFBF60 /* MyRestaurantsViewController.swift in Sources */ = {isa = PBXBuildFile; fileRef = 8DDCD36120325B8F00CFBF60 /* MyRestaurantsViewController.swift */; };
		8DDCD364203261A500CFBF60 /* RestaurantTableViewDataSource.swift in Sources */ = {isa = PBXBuildFile; fileRef = 8DDCD363203261A500CFBF60 /* RestaurantTableViewDataSource.swift */; };
		8DDCD366203277CA00CFBF60 /* AddRestaurantViewController.swift in Sources */ = {isa = PBXBuildFile; fileRef = 8DDCD365203277CA00CFBF60 /* AddRestaurantViewController.swift */; };
		8DF1E3131EE5CFF900192CDE /* Restaurant.swift in Sources */ = {isa = PBXBuildFile; fileRef = 8DF1E3121EE5CFF900192CDE /* Restaurant.swift */; };
		8DF1E3151EE72C4600192CDE /* LocalCollection.swift in Sources */ = {isa = PBXBuildFile; fileRef = 8DF1E3141EE72C4600192CDE /* LocalCollection.swift */; };
		8DF77E1A1EEB45E500CB2330 /* RestaurantDetailViewController.swift in Sources */ = {isa = PBXBuildFile; fileRef = 8DF77E191EEB45E500CB2330 /* RestaurantDetailViewController.swift */; };
		8DF77E1C1EEB645100CB2330 /* StarsView.swift in Sources */ = {isa = PBXBuildFile; fileRef = 8DF77E1B1EEB645100CB2330 /* StarsView.swift */; };
		CA548CA29FD8C68581075271 /* Pods_FriendlyEatsTests.framework in Frameworks */ = {isa = PBXBuildFile; fileRef = DAF3FFD8D72B958E549A4786 /* Pods_FriendlyEatsTests.framework */; };
		FCFEE5793E67D0BA7530C3E7 /* Pods_FriendlyEats.framework in Frameworks */ = {isa = PBXBuildFile; fileRef = A6F5B5905554C28F29C1FED4 /* Pods_FriendlyEats.framework */; };
/* End PBXBuildFile section */

/* Begin PBXContainerItemProxy section */
		8D9BBC421EE2200900194E9A /* PBXContainerItemProxy */ = {
			isa = PBXContainerItemProxy;
			containerPortal = 8D9BBC251EE2200800194E9A /* Project object */;
			proxyType = 1;
			remoteGlobalIDString = 8D9BBC2C1EE2200900194E9A;
			remoteInfo = FriendlyEats;
		};
/* End PBXContainerItemProxy section */

/* Begin PBXFileReference section */
		360549AB2028D56E0090317C /* EditRestaurantViewController.swift */ = {isa = PBXFileReference; lastKnownFileType = sourcecode.swift; path = EditRestaurantViewController.swift; sourceTree = "<group>"; };
		496B6099203363A9005AD625 /* ReviewTableViewCell.swift */ = {isa = PBXFileReference; lastKnownFileType = sourcecode.swift; path = ReviewTableViewCell.swift; sourceTree = "<group>"; };
		499D896F203CD176009C067E /* Utils.swift */ = {isa = PBXFileReference; lastKnownFileType = sourcecode.swift; path = Utils.swift; sourceTree = "<group>"; };
		49C24866202A237000D6008A /* HackPageViewController.swift */ = {isa = PBXFileReference; lastKnownFileType = sourcecode.swift; path = HackPageViewController.swift; sourceTree = "<group>"; };
		49DEA0D6205B19AC00F2A452 /* BasicRestaurantsTableViewController.swift */ = {isa = PBXFileReference; lastKnownFileType = sourcecode.swift; path = BasicRestaurantsTableViewController.swift; sourceTree = "<group>"; };
		49DEA0D8205B19D900F2A452 /* RestaurantTableViewCell.swift */ = {isa = PBXFileReference; lastKnownFileType = sourcecode.swift; path = RestaurantTableViewCell.swift; sourceTree = "<group>"; };
		4A717F9071F08ED330EB9C35 /* Pods-FriendlyEatsTests.debug.xcconfig */ = {isa = PBXFileReference; includeInIndex = 1; lastKnownFileType = text.xcconfig; name = "Pods-FriendlyEatsTests.debug.xcconfig"; path = "Pods/Target Support Files/Pods-FriendlyEatsTests/Pods-FriendlyEatsTests.debug.xcconfig"; sourceTree = "<group>"; };
		74DFB9D28B08511ADB0791FC /* Pods-FriendlyEatsTests.release.xcconfig */ = {isa = PBXFileReference; includeInIndex = 1; lastKnownFileType = text.xcconfig; name = "Pods-FriendlyEatsTests.release.xcconfig"; path = "Pods/Target Support Files/Pods-FriendlyEatsTests/Pods-FriendlyEatsTests.release.xcconfig"; sourceTree = "<group>"; };
		8031C6410512D831DD545189 /* Pods-FriendlyEats.debug.xcconfig */ = {isa = PBXFileReference; includeInIndex = 1; lastKnownFileType = text.xcconfig; name = "Pods-FriendlyEats.debug.xcconfig"; path = "Pods/Target Support Files/Pods-FriendlyEats/Pods-FriendlyEats.debug.xcconfig"; sourceTree = "<group>"; };
		8D004D2C1EE879B5004DEF35 /* FiltersViewController.swift */ = {isa = PBXFileReference; fileEncoding = 4; lastKnownFileType = sourcecode.swift; path = FiltersViewController.swift; sourceTree = "<group>"; };
		8D2A2A0A202BC3B600343C13 /* ReviewTableViewDataSource.swift */ = {isa = PBXFileReference; lastKnownFileType = sourcecode.swift; path = ReviewTableViewDataSource.swift; sourceTree = "<group>"; };
		8D5DF7011F7EF3BA00B0D24F /* NewReviewViewController.swift */ = {isa = PBXFileReference; fileEncoding = 4; lastKnownFileType = sourcecode.swift; path = NewReviewViewController.swift; sourceTree = "<group>"; };
		8D6014FB202B8B23003E8091 /* ProfileViewController.swift */ = {isa = PBXFileReference; lastKnownFileType = sourcecode.swift; path = ProfileViewController.swift; sourceTree = "<group>"; };
		8D70C1B9201FECE2007D3082 /* Firestore+Populate.swift */ = {isa = PBXFileReference; lastKnownFileType = sourcecode.swift; path = "Firestore+Populate.swift"; sourceTree = "<group>"; };
		8D82F5C0201FCE2500107172 /* Review.swift */ = {isa = PBXFileReference; lastKnownFileType = sourcecode.swift; path = Review.swift; sourceTree = "<group>"; };
		8D82F5C2201FCF5E00107172 /* User.swift */ = {isa = PBXFileReference; lastKnownFileType = sourcecode.swift; path = User.swift; sourceTree = "<group>"; };
		8D82F5C4201FE6CE00107172 /* Yum.swift */ = {isa = PBXFileReference; lastKnownFileType = sourcecode.swift; path = Yum.swift; sourceTree = "<group>"; };
		8D9BBC2D1EE2200900194E9A /* FriendlyEats.app */ = {isa = PBXFileReference; explicitFileType = wrapper.application; includeInIndex = 0; path = FriendlyEats.app; sourceTree = BUILT_PRODUCTS_DIR; };
		8D9BBC301EE2200900194E9A /* AppDelegate.swift */ = {isa = PBXFileReference; lastKnownFileType = sourcecode.swift; path = AppDelegate.swift; sourceTree = "<group>"; };
		8D9BBC321EE2200900194E9A /* RestaurantsTableViewController.swift */ = {isa = PBXFileReference; lastKnownFileType = sourcecode.swift; path = RestaurantsTableViewController.swift; sourceTree = "<group>"; };
		8D9BBC351EE2200900194E9A /* Base */ = {isa = PBXFileReference; lastKnownFileType = file.storyboard; name = Base; path = Base.lproj/Main.storyboard; sourceTree = "<group>"; };
		8D9BBC371EE2200900194E9A /* Assets.xcassets */ = {isa = PBXFileReference; lastKnownFileType = folder.assetcatalog; path = Assets.xcassets; sourceTree = "<group>"; };
		8D9BBC3A1EE2200900194E9A /* Base */ = {isa = PBXFileReference; lastKnownFileType = file.storyboard; name = Base; path = Base.lproj/LaunchScreen.storyboard; sourceTree = "<group>"; };
		8D9BBC3C1EE2200900194E9A /* Info.plist */ = {isa = PBXFileReference; lastKnownFileType = text.plist.xml; path = Info.plist; sourceTree = "<group>"; };
		8D9BBC411EE2200900194E9A /* FriendlyEatsTests.xctest */ = {isa = PBXFileReference; explicitFileType = wrapper.cfbundle; includeInIndex = 0; path = FriendlyEatsTests.xctest; sourceTree = BUILT_PRODUCTS_DIR; };
		8D9BBC451EE2200900194E9A /* FriendlyEatsTests.swift */ = {isa = PBXFileReference; lastKnownFileType = sourcecode.swift; path = FriendlyEatsTests.swift; sourceTree = "<group>"; };
		8D9BBC471EE2200900194E9A /* Info.plist */ = {isa = PBXFileReference; lastKnownFileType = text.plist.xml; path = Info.plist; sourceTree = "<group>"; };
		8DD9ACD91F7B166900C2DD24 /* pizza-monster.png */ = {isa = PBXFileReference; lastKnownFileType = image.png; path = "pizza-monster.png"; sourceTree = "<group>"; };
		8DDCD36120325B8F00CFBF60 /* MyRestaurantsViewController.swift */ = {isa = PBXFileReference; lastKnownFileType = sourcecode.swift; path = MyRestaurantsViewController.swift; sourceTree = "<group>"; };
		8DDCD363203261A500CFBF60 /* RestaurantTableViewDataSource.swift */ = {isa = PBXFileReference; lastKnownFileType = sourcecode.swift; path = RestaurantTableViewDataSource.swift; sourceTree = "<group>"; };
		8DDCD365203277CA00CFBF60 /* AddRestaurantViewController.swift */ = {isa = PBXFileReference; lastKnownFileType = sourcecode.swift; path = AddRestaurantViewController.swift; sourceTree = "<group>"; };
		8DF1E3121EE5CFF900192CDE /* Restaurant.swift */ = {isa = PBXFileReference; fileEncoding = 4; lastKnownFileType = sourcecode.swift; path = Restaurant.swift; sourceTree = "<group>"; };
		8DF1E3141EE72C4600192CDE /* LocalCollection.swift */ = {isa = PBXFileReference; fileEncoding = 4; lastKnownFileType = sourcecode.swift; path = LocalCollection.swift; sourceTree = "<group>"; };
		8DF77E191EEB45E500CB2330 /* RestaurantDetailViewController.swift */ = {isa = PBXFileReference; fileEncoding = 4; lastKnownFileType = sourcecode.swift; path = RestaurantDetailViewController.swift; sourceTree = "<group>"; };
		8DF77E1B1EEB645100CB2330 /* StarsView.swift */ = {isa = PBXFileReference; fileEncoding = 4; lastKnownFileType = sourcecode.swift; path = StarsView.swift; sourceTree = "<group>"; };
		A6F5B5905554C28F29C1FED4 /* Pods_FriendlyEats.framework */ = {isa = PBXFileReference; explicitFileType = wrapper.framework; includeInIndex = 0; path = Pods_FriendlyEats.framework; sourceTree = BUILT_PRODUCTS_DIR; };
		DAF3FFD8D72B958E549A4786 /* Pods_FriendlyEatsTests.framework */ = {isa = PBXFileReference; explicitFileType = wrapper.framework; includeInIndex = 0; path = Pods_FriendlyEatsTests.framework; sourceTree = BUILT_PRODUCTS_DIR; };
		DEE76085B93E5CDF02D9C5E8 /* Pods-FriendlyEats.release.xcconfig */ = {isa = PBXFileReference; includeInIndex = 1; lastKnownFileType = text.xcconfig; name = "Pods-FriendlyEats.release.xcconfig"; path = "Pods/Target Support Files/Pods-FriendlyEats/Pods-FriendlyEats.release.xcconfig"; sourceTree = "<group>"; };
/* End PBXFileReference section */

/* Begin PBXFrameworksBuildPhase section */
		8D9BBC2A1EE2200900194E9A /* Frameworks */ = {
			isa = PBXFrameworksBuildPhase;
			buildActionMask = 2147483647;
			files = (
				FCFEE5793E67D0BA7530C3E7 /* Pods_FriendlyEats.framework in Frameworks */,
			);
			runOnlyForDeploymentPostprocessing = 0;
		};
		8D9BBC3E1EE2200900194E9A /* Frameworks */ = {
			isa = PBXFrameworksBuildPhase;
			buildActionMask = 2147483647;
			files = (
				CA548CA29FD8C68581075271 /* Pods_FriendlyEatsTests.framework in Frameworks */,
			);
			runOnlyForDeploymentPostprocessing = 0;
		};
/* End PBXFrameworksBuildPhase section */

/* Begin PBXGroup section */
		14CE628D293F801982A3F79B /* Frameworks */ = {
			isa = PBXGroup;
			children = (
				A6F5B5905554C28F29C1FED4 /* Pods_FriendlyEats.framework */,
				DAF3FFD8D72B958E549A4786 /* Pods_FriendlyEatsTests.framework */,
			);
			name = Frameworks;
			sourceTree = "<group>";
		};
		8D6014F7202B8A7F003E8091 /* Restaurants */ = {
			isa = PBXGroup;
			children = (
				49C24866202A237000D6008A /* HackPageViewController.swift */,
				8D9BBC321EE2200900194E9A /* RestaurantsTableViewController.swift */,
				8DF77E191EEB45E500CB2330 /* RestaurantDetailViewController.swift */,
				360549AB2028D56E0090317C /* EditRestaurantViewController.swift */,
				8D5DF7011F7EF3BA00B0D24F /* NewReviewViewController.swift */,
				8D004D2C1EE879B5004DEF35 /* FiltersViewController.swift */,
				49DEA0D6205B19AC00F2A452 /* BasicRestaurantsTableViewController.swift */,
				49DEA0D8205B19D900F2A452 /* RestaurantTableViewCell.swift */,
			);
			path = Restaurants;
			sourceTree = "<group>";
		};
		8D6014F8202B8ADA003E8091 /* Models */ = {
			isa = PBXGroup;
			children = (
				8DF1E3121EE5CFF900192CDE /* Restaurant.swift */,
				8D82F5C0201FCE2500107172 /* Review.swift */,
				8D82F5C2201FCF5E00107172 /* User.swift */,
				8D82F5C4201FE6CE00107172 /* Yum.swift */,
			);
			path = Models;
			sourceTree = "<group>";
		};
		8D6014F9202B8AF5003E8091 /* Common */ = {
			isa = PBXGroup;
			children = (
				8DF1E3141EE72C4600192CDE /* LocalCollection.swift */,
				8DF77E1B1EEB645100CB2330 /* StarsView.swift */,
				8D70C1B9201FECE2007D3082 /* Firestore+Populate.swift */,
				8D2A2A0A202BC3B600343C13 /* ReviewTableViewDataSource.swift */,
				8DDCD363203261A500CFBF60 /* RestaurantTableViewDataSource.swift */,
				496B6099203363A9005AD625 /* ReviewTableViewCell.swift */,
				499D896F203CD176009C067E /* Utils.swift */,
			);
			path = Common;
			sourceTree = "<group>";
		};
		8D6014FA202B8B0F003E8091 /* Profile */ = {
			isa = PBXGroup;
			children = (
				8D6014FB202B8B23003E8091 /* ProfileViewController.swift */,
				8DDCD36120325B8F00CFBF60 /* MyRestaurantsViewController.swift */,
				8DDCD365203277CA00CFBF60 /* AddRestaurantViewController.swift */,
			);
			path = Profile;
			sourceTree = "<group>";
		};
		8D9BBC241EE2200800194E9A = {
			isa = PBXGroup;
			children = (
				8D9BBC2F1EE2200900194E9A /* FriendlyEats */,
				8D9BBC441EE2200900194E9A /* FriendlyEatsTests */,
				8D9BBC2E1EE2200900194E9A /* Products */,
				AD72898401729DCA49404DED /* Pods */,
				14CE628D293F801982A3F79B /* Frameworks */,
			);
			sourceTree = "<group>";
		};
		8D9BBC2E1EE2200900194E9A /* Products */ = {
			isa = PBXGroup;
			children = (
				8D9BBC2D1EE2200900194E9A /* FriendlyEats.app */,
				8D9BBC411EE2200900194E9A /* FriendlyEatsTests.xctest */,
			);
			name = Products;
			sourceTree = "<group>";
		};
		8D9BBC2F1EE2200900194E9A /* FriendlyEats */ = {
			isa = PBXGroup;
			children = (
				8D9BBC301EE2200900194E9A /* AppDelegate.swift */,
				8D6014FA202B8B0F003E8091 /* Profile */,
				8D6014F7202B8A7F003E8091 /* Restaurants */,
				8D6014F8202B8ADA003E8091 /* Models */,
				8D6014F9202B8AF5003E8091 /* Common */,
				8D9BBC341EE2200900194E9A /* Main.storyboard */,
				8D9BBC371EE2200900194E9A /* Assets.xcassets */,
				8DD9ACD91F7B166900C2DD24 /* pizza-monster.png */,
				8D9BBC391EE2200900194E9A /* LaunchScreen.storyboard */,
				8D9BBC3C1EE2200900194E9A /* Info.plist */,
			);
			path = FriendlyEats;
			sourceTree = "<group>";
		};
		8D9BBC441EE2200900194E9A /* FriendlyEatsTests */ = {
			isa = PBXGroup;
			children = (
				8D9BBC451EE2200900194E9A /* FriendlyEatsTests.swift */,
				8D9BBC471EE2200900194E9A /* Info.plist */,
			);
			path = FriendlyEatsTests;
			sourceTree = "<group>";
		};
		AD72898401729DCA49404DED /* Pods */ = {
			isa = PBXGroup;
			children = (
				8031C6410512D831DD545189 /* Pods-FriendlyEats.debug.xcconfig */,
				DEE76085B93E5CDF02D9C5E8 /* Pods-FriendlyEats.release.xcconfig */,
				4A717F9071F08ED330EB9C35 /* Pods-FriendlyEatsTests.debug.xcconfig */,
				74DFB9D28B08511ADB0791FC /* Pods-FriendlyEatsTests.release.xcconfig */,
			);
			name = Pods;
			sourceTree = "<group>";
		};
/* End PBXGroup section */

/* Begin PBXNativeTarget section */
		8D9BBC2C1EE2200900194E9A /* FriendlyEats */ = {
			isa = PBXNativeTarget;
			buildConfigurationList = 8D9BBC4A1EE2200900194E9A /* Build configuration list for PBXNativeTarget "FriendlyEats" */;
			buildPhases = (
				9FC521F8A01BF344C639431F /* [CP] Check Pods Manifest.lock */,
				8D9BBC291EE2200900194E9A /* Sources */,
				8D9BBC2A1EE2200900194E9A /* Frameworks */,
				8D9BBC2B1EE2200900194E9A /* Resources */,
				6DABA8E5331187581A2AFD0F /* [CP] Embed Pods Frameworks */,
				0F5A222C7612FD43D9A8CCCC /* [CP] Copy Pods Resources */,
			);
			buildRules = (
			);
			dependencies = (
			);
			name = FriendlyEats;
			productName = FriendlyEats;
			productReference = 8D9BBC2D1EE2200900194E9A /* FriendlyEats.app */;
			productType = "com.apple.product-type.application";
		};
		8D9BBC401EE2200900194E9A /* FriendlyEatsTests */ = {
			isa = PBXNativeTarget;
			buildConfigurationList = 8D9BBC4D1EE2200900194E9A /* Build configuration list for PBXNativeTarget "FriendlyEatsTests" */;
			buildPhases = (
				7ABADE564BABE5B8B38F8FE0 /* [CP] Check Pods Manifest.lock */,
				8D9BBC3D1EE2200900194E9A /* Sources */,
				8D9BBC3E1EE2200900194E9A /* Frameworks */,
				8D9BBC3F1EE2200900194E9A /* Resources */,
			);
			buildRules = (
			);
			dependencies = (
				8D9BBC431EE2200900194E9A /* PBXTargetDependency */,
			);
			name = FriendlyEatsTests;
			productName = FriendlyEatsTests;
			productReference = 8D9BBC411EE2200900194E9A /* FriendlyEatsTests.xctest */;
			productType = "com.apple.product-type.bundle.unit-test";
		};
/* End PBXNativeTarget section */

/* Begin PBXProject section */
		8D9BBC251EE2200800194E9A /* Project object */ = {
			isa = PBXProject;
			attributes = {
				LastSwiftUpdateCheck = 0830;
				LastUpgradeCheck = 0920;
				ORGANIZATIONNAME = Firebase;
				TargetAttributes = {
					8D9BBC2C1EE2200900194E9A = {
						CreatedOnToolsVersion = 8.3.2;
						LastSwiftMigration = 0920;
						ProvisioningStyle = Automatic;
					};
					8D9BBC401EE2200900194E9A = {
						CreatedOnToolsVersion = 8.3.2;
						LastSwiftMigration = 0920;
						ProvisioningStyle = Automatic;
						TestTargetID = 8D9BBC2C1EE2200900194E9A;
					};
				};
			};
			buildConfigurationList = 8D9BBC281EE2200800194E9A /* Build configuration list for PBXProject "FriendlyEats" */;
			compatibilityVersion = "Xcode 3.2";
			developmentRegion = English;
			hasScannedForEncodings = 0;
			knownRegions = (
				en,
				Base,
			);
			mainGroup = 8D9BBC241EE2200800194E9A;
			productRefGroup = 8D9BBC2E1EE2200900194E9A /* Products */;
			projectDirPath = "";
			projectRoot = "";
			targets = (
				8D9BBC2C1EE2200900194E9A /* FriendlyEats */,
				8D9BBC401EE2200900194E9A /* FriendlyEatsTests */,
			);
		};
/* End PBXProject section */

/* Begin PBXResourcesBuildPhase section */
		8D9BBC2B1EE2200900194E9A /* Resources */ = {
			isa = PBXResourcesBuildPhase;
			buildActionMask = 2147483647;
			files = (
				8D9BBC3B1EE2200900194E9A /* LaunchScreen.storyboard in Resources */,
				8D9BBC381EE2200900194E9A /* Assets.xcassets in Resources */,
				8D9BBC361EE2200900194E9A /* Main.storyboard in Resources */,
				8DD9ACDA1F7B166900C2DD24 /* pizza-monster.png in Resources */,
			);
			runOnlyForDeploymentPostprocessing = 0;
		};
		8D9BBC3F1EE2200900194E9A /* Resources */ = {
			isa = PBXResourcesBuildPhase;
			buildActionMask = 2147483647;
			files = (
			);
			runOnlyForDeploymentPostprocessing = 0;
		};
/* End PBXResourcesBuildPhase section */

/* Begin PBXShellScriptBuildPhase section */
		0F5A222C7612FD43D9A8CCCC /* [CP] Copy Pods Resources */ = {
			isa = PBXShellScriptBuildPhase;
			buildActionMask = 2147483647;
			files = (
			);
			inputPaths = (
				"${SRCROOT}/Pods/Target Support Files/Pods-FriendlyEats/Pods-FriendlyEats-resources.sh",
				"${PODS_CONFIGURATION_BUILD_DIR}/FirebaseUI/FirebaseAuthUI.bundle",
				"${PODS_CONFIGURATION_BUILD_DIR}/FirebaseUI/FirebaseGoogleAuthUI.bundle",
				"${PODS_ROOT}/GoogleSignIn/Resources/GoogleSignIn.bundle",
			);
			name = "[CP] Copy Pods Resources";
			outputPaths = (
				"${TARGET_BUILD_DIR}/${UNLOCALIZED_RESOURCES_FOLDER_PATH}/FirebaseAuthUI.bundle",
				"${TARGET_BUILD_DIR}/${UNLOCALIZED_RESOURCES_FOLDER_PATH}/FirebaseGoogleAuthUI.bundle",
				"${TARGET_BUILD_DIR}/${UNLOCALIZED_RESOURCES_FOLDER_PATH}/GoogleSignIn.bundle",
			);
			runOnlyForDeploymentPostprocessing = 0;
			shellPath = /bin/sh;
			shellScript = "\"${SRCROOT}/Pods/Target Support Files/Pods-FriendlyEats/Pods-FriendlyEats-resources.sh\"\n";
			showEnvVarsInLog = 0;
		};
		6DABA8E5331187581A2AFD0F /* [CP] Embed Pods Frameworks */ = {
			isa = PBXShellScriptBuildPhase;
			buildActionMask = 2147483647;
			files = (
			);
			inputPaths = (
				"${SRCROOT}/Pods/Target Support Files/Pods-FriendlyEats/Pods-FriendlyEats-frameworks.sh",
				"${BUILT_PRODUCTS_DIR}/BoringSSL/openssl.framework",
				"${BUILT_PRODUCTS_DIR}/GTMOAuth2/GTMOAuth2.framework",
				"${BUILT_PRODUCTS_DIR}/GTMSessionFetcher/GTMSessionFetcher.framework",
				"${BUILT_PRODUCTS_DIR}/GoogleToolboxForMac/GoogleToolboxForMac.framework",
				"${BUILT_PRODUCTS_DIR}/GoogleUtilities/GoogleUtilities.framework",
				"${BUILT_PRODUCTS_DIR}/Protobuf/Protobuf.framework",
				"${BUILT_PRODUCTS_DIR}/SDWebImage/SDWebImage.framework",
				"${BUILT_PRODUCTS_DIR}/gRPC/GRPCClient.framework",
				"${BUILT_PRODUCTS_DIR}/gRPC-Core/grpc.framework",
				"${BUILT_PRODUCTS_DIR}/gRPC-ProtoRPC/ProtoRPC.framework",
				"${BUILT_PRODUCTS_DIR}/gRPC-RxLibrary/RxLibrary.framework",
				"${BUILT_PRODUCTS_DIR}/leveldb-library/leveldb.framework",
				"${BUILT_PRODUCTS_DIR}/nanopb/nanopb.framework",
			);
			name = "[CP] Embed Pods Frameworks";
			outputPaths = (
				"${TARGET_BUILD_DIR}/${FRAMEWORKS_FOLDER_PATH}/openssl.framework",
				"${TARGET_BUILD_DIR}/${FRAMEWORKS_FOLDER_PATH}/GTMOAuth2.framework",
				"${TARGET_BUILD_DIR}/${FRAMEWORKS_FOLDER_PATH}/GTMSessionFetcher.framework",
				"${TARGET_BUILD_DIR}/${FRAMEWORKS_FOLDER_PATH}/GoogleToolboxForMac.framework",
				"${TARGET_BUILD_DIR}/${FRAMEWORKS_FOLDER_PATH}/GoogleUtilities.framework",
				"${TARGET_BUILD_DIR}/${FRAMEWORKS_FOLDER_PATH}/Protobuf.framework",
				"${TARGET_BUILD_DIR}/${FRAMEWORKS_FOLDER_PATH}/SDWebImage.framework",
				"${TARGET_BUILD_DIR}/${FRAMEWORKS_FOLDER_PATH}/GRPCClient.framework",
				"${TARGET_BUILD_DIR}/${FRAMEWORKS_FOLDER_PATH}/grpc.framework",
				"${TARGET_BUILD_DIR}/${FRAMEWORKS_FOLDER_PATH}/ProtoRPC.framework",
				"${TARGET_BUILD_DIR}/${FRAMEWORKS_FOLDER_PATH}/RxLibrary.framework",
				"${TARGET_BUILD_DIR}/${FRAMEWORKS_FOLDER_PATH}/leveldb.framework",
				"${TARGET_BUILD_DIR}/${FRAMEWORKS_FOLDER_PATH}/nanopb.framework",
			);
			runOnlyForDeploymentPostprocessing = 0;
			shellPath = /bin/sh;
			shellScript = "\"${SRCROOT}/Pods/Target Support Files/Pods-FriendlyEats/Pods-FriendlyEats-frameworks.sh\"\n";
			showEnvVarsInLog = 0;
		};
		7ABADE564BABE5B8B38F8FE0 /* [CP] Check Pods Manifest.lock */ = {
			isa = PBXShellScriptBuildPhase;
			buildActionMask = 2147483647;
			files = (
			);
			inputPaths = (
				"${PODS_PODFILE_DIR_PATH}/Podfile.lock",
				"${PODS_ROOT}/Manifest.lock",
			);
			name = "[CP] Check Pods Manifest.lock";
			outputPaths = (
				"$(DERIVED_FILE_DIR)/Pods-FriendlyEatsTests-checkManifestLockResult.txt",
			);
			runOnlyForDeploymentPostprocessing = 0;
			shellPath = /bin/sh;
			shellScript = "diff \"${PODS_PODFILE_DIR_PATH}/Podfile.lock\" \"${PODS_ROOT}/Manifest.lock\" > /dev/null\nif [ $? != 0 ] ; then\n    # print error to STDERR\n    echo \"error: The sandbox is not in sync with the Podfile.lock. Run 'pod install' or update your CocoaPods installation.\" >&2\n    exit 1\nfi\n# This output is used by Xcode 'outputs' to avoid re-running this script phase.\necho \"SUCCESS\" > \"${SCRIPT_OUTPUT_FILE_0}\"\n";
			showEnvVarsInLog = 0;
		};
		9FC521F8A01BF344C639431F /* [CP] Check Pods Manifest.lock */ = {
			isa = PBXShellScriptBuildPhase;
			buildActionMask = 2147483647;
			files = (
			);
			inputPaths = (
				"${PODS_PODFILE_DIR_PATH}/Podfile.lock",
				"${PODS_ROOT}/Manifest.lock",
			);
			name = "[CP] Check Pods Manifest.lock";
			outputPaths = (
				"$(DERIVED_FILE_DIR)/Pods-FriendlyEats-checkManifestLockResult.txt",
			);
			runOnlyForDeploymentPostprocessing = 0;
			shellPath = /bin/sh;
			shellScript = "diff \"${PODS_PODFILE_DIR_PATH}/Podfile.lock\" \"${PODS_ROOT}/Manifest.lock\" > /dev/null\nif [ $? != 0 ] ; then\n    # print error to STDERR\n    echo \"error: The sandbox is not in sync with the Podfile.lock. Run 'pod install' or update your CocoaPods installation.\" >&2\n    exit 1\nfi\n# This output is used by Xcode 'outputs' to avoid re-running this script phase.\necho \"SUCCESS\" > \"${SCRIPT_OUTPUT_FILE_0}\"\n";
			showEnvVarsInLog = 0;
		};
/* End PBXShellScriptBuildPhase section */

/* Begin PBXSourcesBuildPhase section */
		8D9BBC291EE2200900194E9A /* Sources */ = {
			isa = PBXSourcesBuildPhase;
			buildActionMask = 2147483647;
			files = (
				8D9BBC331EE2200900194E9A /* RestaurantsTableViewController.swift in Sources */,
				8DDCD36220325B8F00CFBF60 /* MyRestaurantsViewController.swift in Sources */,
				8D9BBC311EE2200900194E9A /* AppDelegate.swift in Sources */,
				8D82F5C1201FCE2500107172 /* Review.swift in Sources */,
				8DF1E3151EE72C4600192CDE /* LocalCollection.swift in Sources */,
				49DEA0D7205B19AC00F2A452 /* BasicRestaurantsTableViewController.swift in Sources */,
				8D6014FC202B8B23003E8091 /* ProfileViewController.swift in Sources */,
				8D5DF7021F7EF3BA00B0D24F /* NewReviewViewController.swift in Sources */,
				8DDCD366203277CA00CFBF60 /* AddRestaurantViewController.swift in Sources */,
				49C24867202A237000D6008A /* HackPageViewController.swift in Sources */,
				8DF1E3131EE5CFF900192CDE /* Restaurant.swift in Sources */,
				8DF77E1A1EEB45E500CB2330 /* RestaurantDetailViewController.swift in Sources */,
				8D70C1BA201FECE2007D3082 /* Firestore+Populate.swift in Sources */,
				360549AC2028D56E0090317C /* EditRestaurantViewController.swift in Sources */,
				49DEA0D9205B19D900F2A452 /* RestaurantTableViewCell.swift in Sources */,
				8D004D2D1EE879B5004DEF35 /* FiltersViewController.swift in Sources */,
				8DDCD364203261A500CFBF60 /* RestaurantTableViewDataSource.swift in Sources */,
				8D82F5C5201FE6CE00107172 /* Yum.swift in Sources */,
				8D82F5C3201FCF5E00107172 /* User.swift in Sources */,
				499D8970203CD176009C067E /* Utils.swift in Sources */,
				496B609A203363A9005AD625 /* ReviewTableViewCell.swift in Sources */,
				8DF77E1C1EEB645100CB2330 /* StarsView.swift in Sources */,
				8D2A2A0B202BC3B600343C13 /* ReviewTableViewDataSource.swift in Sources */,
			);
			runOnlyForDeploymentPostprocessing = 0;
		};
		8D9BBC3D1EE2200900194E9A /* Sources */ = {
			isa = PBXSourcesBuildPhase;
			buildActionMask = 2147483647;
			files = (
				8D9BBC461EE2200900194E9A /* FriendlyEatsTests.swift in Sources */,
			);
			runOnlyForDeploymentPostprocessing = 0;
		};
/* End PBXSourcesBuildPhase section */

/* Begin PBXTargetDependency section */
		8D9BBC431EE2200900194E9A /* PBXTargetDependency */ = {
			isa = PBXTargetDependency;
			target = 8D9BBC2C1EE2200900194E9A /* FriendlyEats */;
			targetProxy = 8D9BBC421EE2200900194E9A /* PBXContainerItemProxy */;
		};
/* End PBXTargetDependency section */

/* Begin PBXVariantGroup section */
		8D9BBC341EE2200900194E9A /* Main.storyboard */ = {
			isa = PBXVariantGroup;
			children = (
				8D9BBC351EE2200900194E9A /* Base */,
			);
			name = Main.storyboard;
			sourceTree = "<group>";
		};
		8D9BBC391EE2200900194E9A /* LaunchScreen.storyboard */ = {
			isa = PBXVariantGroup;
			children = (
				8D9BBC3A1EE2200900194E9A /* Base */,
			);
			name = LaunchScreen.storyboard;
			sourceTree = "<group>";
		};
/* End PBXVariantGroup section */

/* Begin XCBuildConfiguration section */
		8D9BBC481EE2200900194E9A /* Debug */ = {
			isa = XCBuildConfiguration;
			buildSettings = {
				ALWAYS_SEARCH_USER_PATHS = NO;
				CLANG_ANALYZER_NONNULL = YES;
				CLANG_ANALYZER_NUMBER_OBJECT_CONVERSION = YES_AGGRESSIVE;
				CLANG_CXX_LANGUAGE_STANDARD = "gnu++0x";
				CLANG_CXX_LIBRARY = "libc++";
				CLANG_ENABLE_MODULES = YES;
				CLANG_ENABLE_OBJC_ARC = YES;
				CLANG_WARN_BLOCK_CAPTURE_AUTORELEASING = YES;
				CLANG_WARN_BOOL_CONVERSION = YES;
				CLANG_WARN_COMMA = YES;
				CLANG_WARN_CONSTANT_CONVERSION = YES;
				CLANG_WARN_DIRECT_OBJC_ISA_USAGE = YES_ERROR;
				CLANG_WARN_DOCUMENTATION_COMMENTS = YES;
				CLANG_WARN_EMPTY_BODY = YES;
				CLANG_WARN_ENUM_CONVERSION = YES;
				CLANG_WARN_INFINITE_RECURSION = YES;
				CLANG_WARN_INT_CONVERSION = YES;
				CLANG_WARN_NON_LITERAL_NULL_CONVERSION = YES;
				CLANG_WARN_OBJC_LITERAL_CONVERSION = YES;
				CLANG_WARN_OBJC_ROOT_CLASS = YES_ERROR;
				CLANG_WARN_RANGE_LOOP_ANALYSIS = YES;
				CLANG_WARN_STRICT_PROTOTYPES = YES;
				CLANG_WARN_SUSPICIOUS_MOVE = YES;
				CLANG_WARN_UNREACHABLE_CODE = YES;
				CLANG_WARN__DUPLICATE_METHOD_MATCH = YES;
				"CODE_SIGN_IDENTITY[sdk=iphoneos*]" = "iPhone Developer";
				COPY_PHASE_STRIP = NO;
				DEBUG_INFORMATION_FORMAT = dwarf;
				ENABLE_STRICT_OBJC_MSGSEND = YES;
				ENABLE_TESTABILITY = YES;
				GCC_C_LANGUAGE_STANDARD = gnu99;
				GCC_DYNAMIC_NO_PIC = NO;
				GCC_NO_COMMON_BLOCKS = YES;
				GCC_OPTIMIZATION_LEVEL = 0;
				GCC_PREPROCESSOR_DEFINITIONS = (
					"DEBUG=1",
					"$(inherited)",
				);
				GCC_WARN_64_TO_32_BIT_CONVERSION = YES;
				GCC_WARN_ABOUT_RETURN_TYPE = YES_ERROR;
				GCC_WARN_UNDECLARED_SELECTOR = YES;
				GCC_WARN_UNINITIALIZED_AUTOS = YES_AGGRESSIVE;
				GCC_WARN_UNUSED_FUNCTION = YES;
				GCC_WARN_UNUSED_VARIABLE = YES;
				IPHONEOS_DEPLOYMENT_TARGET = 10.3;
				MTL_ENABLE_DEBUG_INFO = YES;
				ONLY_ACTIVE_ARCH = YES;
				SDKROOT = iphoneos;
				SWIFT_ACTIVE_COMPILATION_CONDITIONS = DEBUG;
				SWIFT_OPTIMIZATION_LEVEL = "-Onone";
				TARGETED_DEVICE_FAMILY = "1,2";
			};
			name = Debug;
		};
		8D9BBC491EE2200900194E9A /* Release */ = {
			isa = XCBuildConfiguration;
			buildSettings = {
				ALWAYS_SEARCH_USER_PATHS = NO;
				CLANG_ANALYZER_NONNULL = YES;
				CLANG_ANALYZER_NUMBER_OBJECT_CONVERSION = YES_AGGRESSIVE;
				CLANG_CXX_LANGUAGE_STANDARD = "gnu++0x";
				CLANG_CXX_LIBRARY = "libc++";
				CLANG_ENABLE_MODULES = YES;
				CLANG_ENABLE_OBJC_ARC = YES;
				CLANG_WARN_BLOCK_CAPTURE_AUTORELEASING = YES;
				CLANG_WARN_BOOL_CONVERSION = YES;
				CLANG_WARN_COMMA = YES;
				CLANG_WARN_CONSTANT_CONVERSION = YES;
				CLANG_WARN_DIRECT_OBJC_ISA_USAGE = YES_ERROR;
				CLANG_WARN_DOCUMENTATION_COMMENTS = YES;
				CLANG_WARN_EMPTY_BODY = YES;
				CLANG_WARN_ENUM_CONVERSION = YES;
				CLANG_WARN_INFINITE_RECURSION = YES;
				CLANG_WARN_INT_CONVERSION = YES;
				CLANG_WARN_NON_LITERAL_NULL_CONVERSION = YES;
				CLANG_WARN_OBJC_LITERAL_CONVERSION = YES;
				CLANG_WARN_OBJC_ROOT_CLASS = YES_ERROR;
				CLANG_WARN_RANGE_LOOP_ANALYSIS = YES;
				CLANG_WARN_STRICT_PROTOTYPES = YES;
				CLANG_WARN_SUSPICIOUS_MOVE = YES;
				CLANG_WARN_UNREACHABLE_CODE = YES;
				CLANG_WARN__DUPLICATE_METHOD_MATCH = YES;
				"CODE_SIGN_IDENTITY[sdk=iphoneos*]" = "iPhone Developer";
				COPY_PHASE_STRIP = NO;
				DEBUG_INFORMATION_FORMAT = "dwarf-with-dsym";
				ENABLE_NS_ASSERTIONS = NO;
				ENABLE_STRICT_OBJC_MSGSEND = YES;
				GCC_C_LANGUAGE_STANDARD = gnu99;
				GCC_NO_COMMON_BLOCKS = YES;
				GCC_WARN_64_TO_32_BIT_CONVERSION = YES;
				GCC_WARN_ABOUT_RETURN_TYPE = YES_ERROR;
				GCC_WARN_UNDECLARED_SELECTOR = YES;
				GCC_WARN_UNINITIALIZED_AUTOS = YES_AGGRESSIVE;
				GCC_WARN_UNUSED_FUNCTION = YES;
				GCC_WARN_UNUSED_VARIABLE = YES;
				IPHONEOS_DEPLOYMENT_TARGET = 10.3;
				MTL_ENABLE_DEBUG_INFO = NO;
				SDKROOT = iphoneos;
				SWIFT_OPTIMIZATION_LEVEL = "-Owholemodule";
				TARGETED_DEVICE_FAMILY = "1,2";
				VALIDATE_PRODUCT = YES;
			};
			name = Release;
		};
		8D9BBC4B1EE2200900194E9A /* Debug */ = {
			isa = XCBuildConfiguration;
			baseConfigurationReference = 8031C6410512D831DD545189 /* Pods-FriendlyEats.debug.xcconfig */;
			buildSettings = {
				ASSETCATALOG_COMPILER_APPICON_NAME = AppIcon;
				DEVELOPMENT_TEAM = "";
				INFOPLIST_FILE = FriendlyEats/Info.plist;
				LD_RUNPATH_SEARCH_PATHS = "$(inherited) @executable_path/Frameworks";
				PRODUCT_BUNDLE_IDENTIFIER = com.firebase.FriendlyEats;
				PRODUCT_NAME = "$(TARGET_NAME)";
				SWIFT_SWIFT3_OBJC_INFERENCE = Off;
				SWIFT_VERSION = 4.0;
			};
			name = Debug;
		};
		8D9BBC4C1EE2200900194E9A /* Release */ = {
			isa = XCBuildConfiguration;
			baseConfigurationReference = DEE76085B93E5CDF02D9C5E8 /* Pods-FriendlyEats.release.xcconfig */;
			buildSettings = {
				ASSETCATALOG_COMPILER_APPICON_NAME = AppIcon;
				DEVELOPMENT_TEAM = "";
				INFOPLIST_FILE = FriendlyEats/Info.plist;
				LD_RUNPATH_SEARCH_PATHS = "$(inherited) @executable_path/Frameworks";
				PRODUCT_BUNDLE_IDENTIFIER = com.firebase.FriendlyEats;
				PRODUCT_NAME = "$(TARGET_NAME)";
				SWIFT_SWIFT3_OBJC_INFERENCE = Off;
				SWIFT_VERSION = 4.0;
			};
			name = Release;
		};
		8D9BBC4E1EE2200900194E9A /* Debug */ = {
			isa = XCBuildConfiguration;
			baseConfigurationReference = 4A717F9071F08ED330EB9C35 /* Pods-FriendlyEatsTests.debug.xcconfig */;
			buildSettings = {
				ALWAYS_EMBED_SWIFT_STANDARD_LIBRARIES = YES;
				BUNDLE_LOADER = "$(TEST_HOST)";
				INFOPLIST_FILE = FriendlyEatsTests/Info.plist;
				LD_RUNPATH_SEARCH_PATHS = "$(inherited) @executable_path/Frameworks @loader_path/Frameworks";
				PRODUCT_BUNDLE_IDENTIFIER = com.firebase.FriendlyEatsTests;
				PRODUCT_NAME = "$(TARGET_NAME)";
				SWIFT_SWIFT3_OBJC_INFERENCE = On;
				SWIFT_VERSION = 4.0;
				TEST_HOST = "$(BUILT_PRODUCTS_DIR)/FriendlyEats.app/FriendlyEats";
			};
			name = Debug;
		};
		8D9BBC4F1EE2200900194E9A /* Release */ = {
			isa = XCBuildConfiguration;
			baseConfigurationReference = 74DFB9D28B08511ADB0791FC /* Pods-FriendlyEatsTests.release.xcconfig */;
			buildSettings = {
				ALWAYS_EMBED_SWIFT_STANDARD_LIBRARIES = YES;
				BUNDLE_LOADER = "$(TEST_HOST)";
				INFOPLIST_FILE = FriendlyEatsTests/Info.plist;
				LD_RUNPATH_SEARCH_PATHS = "$(inherited) @executable_path/Frameworks @loader_path/Frameworks";
				PRODUCT_BUNDLE_IDENTIFIER = com.firebase.FriendlyEatsTests;
				PRODUCT_NAME = "$(TARGET_NAME)";
				SWIFT_SWIFT3_OBJC_INFERENCE = On;
				SWIFT_VERSION = 4.0;
				TEST_HOST = "$(BUILT_PRODUCTS_DIR)/FriendlyEats.app/FriendlyEats";
			};
			name = Release;
		};
/* End XCBuildConfiguration section */

/* Begin XCConfigurationList section */
		8D9BBC281EE2200800194E9A /* Build configuration list for PBXProject "FriendlyEats" */ = {
			isa = XCConfigurationList;
			buildConfigurations = (
				8D9BBC481EE2200900194E9A /* Debug */,
				8D9BBC491EE2200900194E9A /* Release */,
			);
			defaultConfigurationIsVisible = 0;
			defaultConfigurationName = Release;
		};
		8D9BBC4A1EE2200900194E9A /* Build configuration list for PBXNativeTarget "FriendlyEats" */ = {
			isa = XCConfigurationList;
			buildConfigurations = (
				8D9BBC4B1EE2200900194E9A /* Debug */,
				8D9BBC4C1EE2200900194E9A /* Release */,
			);
			defaultConfigurationIsVisible = 0;
			defaultConfigurationName = Release;
		};
		8D9BBC4D1EE2200900194E9A /* Build configuration list for PBXNativeTarget "FriendlyEatsTests" */ = {
			isa = XCConfigurationList;
			buildConfigurations = (
				8D9BBC4E1EE2200900194E9A /* Debug */,
				8D9BBC4F1EE2200900194E9A /* Release */,
			);
			defaultConfigurationIsVisible = 0;
			defaultConfigurationName = Release;
		};
/* End XCConfigurationList section */
	};
	rootObject = 8D9BBC251EE2200800194E9A /* Project object */;
}
